
Microsoft Visual Studio Solution File, Format Version 12.00
# Visual Studio Version 16
VisualStudioVersion = 16.0.33027.164
MinimumVisualStudioVersion = 10.0.40219.1
Project("{FAE04EC0-301F-11D3-BF4B-00C04F79EFBC}") = "LearningApplication", "LearningApplication\LearningApplication.csproj", "{5373EE4A-4809-497F-9DAD-E4572D0F5B08}"
EndProject
Project("{FAE04EC0-301F-11D3-BF4B-00C04F79EFBC}") = "LearningApplicationUnitTestcase", "LearningApplicationUnitTestcase\LearningApplicationUnitTestcase.csproj", "{BF0B4962-8C60-4C42-BB6C-79E4BDC0C5F0}"
EndProject
Global
	GlobalSection(SolutionConfigurationPlatforms) = preSolution
		Debug|Any CPU = Debug|Any CPU
		Release|Any CPU = Release|Any CPU
	EndGlobalSection
	GlobalSection(ProjectConfigurationPlatforms) = postSolution
		{5373EE4A-4809-497F-9DAD-E4572D0F5B08}.Debug|Any CPU.ActiveCfg = Debug|Any CPU
		{5373EE4A-4809-497F-9DAD-E4572D0F5B08}.Debug|Any CPU.Build.0 = Debug|Any CPU
		{5373EE4A-4809-497F-9DAD-E4572D0F5B08}.Release|Any CPU.ActiveCfg = Release|Any CPU
		{5373EE4A-4809-497F-9DAD-E4572D0F5B08}.Release|Any CPU.Build.0 = Release|Any CPU
		{BF0B4962-8C60-4C42-BB6C-79E4BDC0C5F0}.Debug|Any CPU.ActiveCfg = Debug|Any CPU
		{BF0B4962-8C60-4C42-BB6C-79E4BDC0C5F0}.Debug|Any CPU.Build.0 = Debug|Any CPU
		{BF0B4962-8C60-4C42-BB6C-79E4BDC0C5F0}.Release|Any CPU.ActiveCfg = Release|Any CPU
		{BF0B4962-8C60-4C42-BB6C-79E4BDC0C5F0}.Release|Any CPU.Build.0 = Release|Any CPU
	EndGlobalSection
	GlobalSection(SolutionProperties) = preSolution
		HideSolutionNode = FALSE
	EndGlobalSection
	GlobalSection(ExtensibilityGlobals) = postSolution
		SolutionGuid = {B561597B-3725-4261-9D15-BE02EE9C7BAD}
	EndGlobalSection
EndGlobal
